
Microsoft Visual Studio Solution File, Format Version 12.00
# Visual Studio 14
VisualStudioVersion = 14.0.23107.0
MinimumVisualStudioVersion = 10.0.40219.1
Project("{FAE04EC0-301F-11D3-BF4B-00C04F79EFBC}") = "TengDaWebApi", "TengDaWebApi\TengDaWebApi.csproj", "{CACF82AF-736A-4781-B41C-C93D20CBC2CC}"
EndProject
Project("{FAE04EC0-301F-11D3-BF4B-00C04F79EFBC}") = "TDDB", "TDDB\TDDB.csproj", "{30B90BAA-FD35-4759-B87B-B363BA35B00C}"
EndProject
Project("{FAE04EC0-301F-11D3-BF4B-00C04F79EFBC}") = "TDModel", "TDModel\TDModel.csproj", "{DBF75BEC-0FF5-4866-8830-F8ADC6AE9EF4}"
EndProject
Project("{FAE04EC0-301F-11D3-BF4B-00C04F79EFBC}") = "TDCommon", "TDCommon\TDCommon.csproj", "{592F3185-03B3-449A-998E-8582BBE4C356}"
EndProject
Project("{FAE04EC0-301F-11D3-BF4B-00C04F79EFBC}") = "TDUserControl", "TDUserControl\TDUserControl.csproj", "{7B49B418-8BCC-4AA0-A7F4-A6DB170B8105}"
EndProject
Project("{FAE04EC0-301F-11D3-BF4B-00C04F79EFBC}") = "TDWebApi", "TDWebApi\TDWebApi.csproj", "{2138201B-A086-422D-BB5F-90C46C5BEBBD}"
EndProject
Project("{FAE04EC0-301F-11D3-BF4B-00C04F79EFBC}") = "TDWpfApp", "TDWpfApp\TDWpfApp.csproj", "{4CCFC3BF-4943-4B9D-ACF2-FD2D4CA40E2F}"
EndProject
Project("{FAE04EC0-301F-11D3-BF4B-00C04F79EFBC}") = "TengDa.Plc", "TengDa.Plc\TengDa.Plc.csproj", "{6738CABC-DD56-4E9C-A8FA-7211911266BE}"
EndProject
Project("{FAE04EC0-301F-11D3-BF4B-00C04F79EFBC}") = "PLCHelper", "PLCHelper\PLCHelper.csproj", "{5D7713C5-B62B-4B50-BC6B-636F81FA881A}"
EndProject
Global
	GlobalSection(SolutionConfigurationPlatforms) = preSolution
		Debug|Any CPU = Debug|Any CPU
		Debug|x64 = Debug|x64
		Debug|x86 = Debug|x86
		Release|Any CPU = Release|Any CPU
		Release|x64 = Release|x64
		Release|x86 = Release|x86
	EndGlobalSection
	GlobalSection(ProjectConfigurationPlatforms) = postSolution
		{CACF82AF-736A-4781-B41C-C93D20CBC2CC}.Debug|Any CPU.ActiveCfg = Debug|Any CPU
		{CACF82AF-736A-4781-B41C-C93D20CBC2CC}.Debug|Any CPU.Build.0 = Debug|Any CPU
		{CACF82AF-736A-4781-B41C-C93D20CBC2CC}.Debug|x64.ActiveCfg = Debug|x64
		{CACF82AF-736A-4781-B41C-C93D20CBC2CC}.Debug|x64.Build.0 = Debug|x64
		{CACF82AF-736A-4781-B41C-C93D20CBC2CC}.Debug|x86.ActiveCfg = Debug|x86
		{CACF82AF-736A-4781-B41C-C93D20CBC2CC}.Debug|x86.Build.0 = Debug|x86
		{CACF82AF-736A-4781-B41C-C93D20CBC2CC}.Release|Any CPU.ActiveCfg = Release|Any CPU
		{CACF82AF-736A-4781-B41C-C93D20CBC2CC}.Release|Any CPU.Build.0 = Release|Any CPU
		{CACF82AF-736A-4781-B41C-C93D20CBC2CC}.Release|x64.ActiveCfg = Release|x64
		{CACF82AF-736A-4781-B41C-C93D20CBC2CC}.Release|x64.Build.0 = Release|x64
		{CACF82AF-736A-4781-B41C-C93D20CBC2CC}.Release|x86.ActiveCfg = Release|x86
		{CACF82AF-736A-4781-B41C-C93D20CBC2CC}.Release|x86.Build.0 = Release|x86
		{30B90BAA-FD35-4759-B87B-B363BA35B00C}.Debug|Any CPU.ActiveCfg = Debug|Any CPU
		{30B90BAA-FD35-4759-B87B-B363BA35B00C}.Debug|Any CPU.Build.0 = Debug|Any CPU
		{30B90BAA-FD35-4759-B87B-B363BA35B00C}.Debug|x64.ActiveCfg = Debug|x64
		{30B90BAA-FD35-4759-B87B-B363BA35B00C}.Debug|x64.Build.0 = Debug|x64
		{30B90BAA-FD35-4759-B87B-B363BA35B00C}.Debug|x86.ActiveCfg = Debug|x86
		{30B90BAA-FD35-4759-B87B-B363BA35B00C}.Debug|x86.Build.0 = Debug|x86
		{30B90BAA-FD35-4759-B87B-B363BA35B00C}.Release|Any CPU.ActiveCfg = Release|Any CPU
		{30B90BAA-FD35-4759-B87B-B363BA35B00C}.Release|Any CPU.Build.0 = Release|Any CPU
		{30B90BAA-FD35-4759-B87B-B363BA35B00C}.Release|x64.ActiveCfg = Release|x64
		{30B90BAA-FD35-4759-B87B-B363BA35B00C}.Release|x64.Build.0 = Release|x64
		{30B90BAA-FD35-4759-B87B-B363BA35B00C}.Release|x86.ActiveCfg = Release|x86
		{30B90BAA-FD35-4759-B87B-B363BA35B00C}.Release|x86.Build.0 = Release|x86
		{DBF75BEC-0FF5-4866-8830-F8ADC6AE9EF4}.Debug|Any CPU.ActiveCfg = Debug|Any CPU
		{DBF75BEC-0FF5-4866-8830-F8ADC6AE9EF4}.Debug|Any CPU.Build.0 = Debug|Any CPU
		{DBF75BEC-0FF5-4866-8830-F8ADC6AE9EF4}.Debug|x64.ActiveCfg = Debug|x64
		{DBF75BEC-0FF5-4866-8830-F8ADC6AE9EF4}.Debug|x64.Build.0 = Debug|x64
		{DBF75BEC-0FF5-4866-8830-F8ADC6AE9EF4}.Debug|x86.ActiveCfg = Debug|x86
		{DBF75BEC-0FF5-4866-8830-F8ADC6AE9EF4}.Debug|x86.Build.0 = Debug|x86
		{DBF75BEC-0FF5-4866-8830-F8ADC6AE9EF4}.Release|Any CPU.ActiveCfg = Release|Any CPU
		{DBF75BEC-0FF5-4866-8830-F8ADC6AE9EF4}.Release|Any CPU.Build.0 = Release|Any CPU
		{DBF75BEC-0FF5-4866-8830-F8ADC6AE9EF4}.Release|x64.ActiveCfg = Release|x64
		{DBF75BEC-0FF5-4866-8830-F8ADC6AE9EF4}.Release|x64.Build.0 = Release|x64
		{DBF75BEC-0FF5-4866-8830-F8ADC6AE9EF4}.Release|x86.ActiveCfg = Release|x86
		{DBF75BEC-0FF5-4866-8830-F8ADC6AE9EF4}.Release|x86.Build.0 = Release|x86
		{592F3185-03B3-449A-998E-8582BBE4C356}.Debug|Any CPU.ActiveCfg = Debug|Any CPU
		{592F3185-03B3-449A-998E-8582BBE4C356}.Debug|Any CPU.Build.0 = Debug|Any CPU
		{592F3185-03B3-449A-998E-8582BBE4C356}.Debug|x64.ActiveCfg = Debug|x64
		{592F3185-03B3-449A-998E-8582BBE4C356}.Debug|x64.Build.0 = Debug|x64
		{592F3185-03B3-449A-998E-8582BBE4C356}.Debug|x86.ActiveCfg = Debug|x86
		{592F3185-03B3-449A-998E-8582BBE4C356}.Debug|x86.Build.0 = Debug|x86
		{592F3185-03B3-449A-998E-8582BBE4C356}.Release|Any CPU.ActiveCfg = Release|Any CPU
		{592F3185-03B3-449A-998E-8582BBE4C356}.Release|Any CPU.Build.0 = Release|Any CPU
		{592F3185-03B3-449A-998E-8582BBE4C356}.Release|x64.ActiveCfg = Release|x64
		{592F3185-03B3-449A-998E-8582BBE4C356}.Release|x64.Build.0 = Release|x64
		{592F3185-03B3-449A-998E-8582BBE4C356}.Release|x86.ActiveCfg = Release|x86
		{592F3185-03B3-449A-998E-8582BBE4C356}.Release|x86.Build.0 = Release|x86
		{7B49B418-8BCC-4AA0-A7F4-A6DB170B8105}.Debug|Any CPU.ActiveCfg = Debug|Any CPU
		{7B49B418-8BCC-4AA0-A7F4-A6DB170B8105}.Debug|Any CPU.Build.0 = Debug|Any CPU
		{7B49B418-8BCC-4AA0-A7F4-A6DB170B8105}.Debug|x64.ActiveCfg = Debug|x64
		{7B49B418-8BCC-4AA0-A7F4-A6DB170B8105}.Debug|x64.Build.0 = Debug|x64
		{7B49B418-8BCC-4AA0-A7F4-A6DB170B8105}.Debug|x86.ActiveCfg = Debug|x86
		{7B49B418-8BCC-4AA0-A7F4-A6DB170B8105}.Debug|x86.Build.0 = Debug|x86
		{7B49B418-8BCC-4AA0-A7F4-A6DB170B8105}.Release|Any CPU.ActiveCfg = Release|Any CPU
		{7B49B418-8BCC-4AA0-A7F4-A6DB170B8105}.Release|Any CPU.Build.0 = Release|Any CPU
		{7B49B418-8BCC-4AA0-A7F4-A6DB170B8105}.Release|x64.ActiveCfg = Release|x64
		{7B49B418-8BCC-4AA0-A7F4-A6DB170B8105}.Release|x64.Build.0 = Release|x64
		{7B49B418-8BCC-4AA0-A7F4-A6DB170B8105}.Release|x86.ActiveCfg = Release|x86
		{7B49B418-8BCC-4AA0-A7F4-A6DB170B8105}.Release|x86.Build.0 = Release|x86
		{2138201B-A086-422D-BB5F-90C46C5BEBBD}.Debug|Any CPU.ActiveCfg = Debug|Any CPU
		{2138201B-A086-422D-BB5F-90C46C5BEBBD}.Debug|Any CPU.Build.0 = Debug|Any CPU
		{2138201B-A086-422D-BB5F-90C46C5BEBBD}.Debug|x64.ActiveCfg = Debug|x64
		{2138201B-A086-422D-BB5F-90C46C5BEBBD}.Debug|x64.Build.0 = Debug|x64
		{2138201B-A086-422D-BB5F-90C46C5BEBBD}.Debug|x86.ActiveCfg = Debug|x86
		{2138201B-A086-422D-BB5F-90C46C5BEBBD}.Debug|x86.Build.0 = Debug|x86
		{2138201B-A086-422D-BB5F-90C46C5BEBBD}.Release|Any CPU.ActiveCfg = Release|Any CPU
		{2138201B-A086-422D-BB5F-90C46C5BEBBD}.Release|Any CPU.Build.0 = Release|Any CPU
		{2138201B-A086-422D-BB5F-90C46C5BEBBD}.Release|x64.ActiveCfg = Release|x64
		{2138201B-A086-422D-BB5F-90C46C5BEBBD}.Release|x64.Build.0 = Release|x64
		{2138201B-A086-422D-BB5F-90C46C5BEBBD}.Release|x86.ActiveCfg = Release|x86
		{2138201B-A086-422D-BB5F-90C46C5BEBBD}.Release|x86.Build.0 = Release|x86
		{4CCFC3BF-4943-4B9D-ACF2-FD2D4CA40E2F}.Debug|Any CPU.ActiveCfg = Debug|Any CPU
		{4CCFC3BF-4943-4B9D-ACF2-FD2D4CA40E2F}.Debug|Any CPU.Build.0 = Debug|Any CPU
		{4CCFC3BF-4943-4B9D-ACF2-FD2D4CA40E2F}.Debug|x64.ActiveCfg = Debug|x64
		{4CCFC3BF-4943-4B9D-ACF2-FD2D4CA40E2F}.Debug|x64.Build.0 = Debug|x64
		{4CCFC3BF-4943-4B9D-ACF2-FD2D4CA40E2F}.Debug|x86.ActiveCfg = Debug|x86
		{4CCFC3BF-4943-4B9D-ACF2-FD2D4CA40E2F}.Debug|x86.Build.0 = Debug|x86
		{4CCFC3BF-4943-4B9D-ACF2-FD2D4CA40E2F}.Release|Any CPU.ActiveCfg = Release|Any CPU
		{4CCFC3BF-4943-4B9D-ACF2-FD2D4CA40E2F}.Release|Any CPU.Build.0 = Release|Any CPU
		{4CCFC3BF-4943-4B9D-ACF2-FD2D4CA40E2F}.Release|x64.ActiveCfg = Release|x64
		{4CCFC3BF-4943-4B9D-ACF2-FD2D4CA40E2F}.Release|x64.Build.0 = Release|x64
		{4CCFC3BF-4943-4B9D-ACF2-FD2D4CA40E2F}.Release|x86.ActiveCfg = Release|x86
		{4CCFC3BF-4943-4B9D-ACF2-FD2D4CA40E2F}.Release|x86.Build.0 = Release|x86
		{6738CABC-DD56-4E9C-A8FA-7211911266BE}.Debug|Any CPU.ActiveCfg = Debug|Any CPU
		{6738CABC-DD56-4E9C-A8FA-7211911266BE}.Debug|Any CPU.Build.0 = Debug|Any CPU
		{6738CABC-DD56-4E9C-A8FA-7211911266BE}.Debug|x64.ActiveCfg = Debug|Any CPU
		{6738CABC-DD56-4E9C-A8FA-7211911266BE}.Debug|x64.Build.0 = Debug|Any CPU
		{6738CABC-DD56-4E9C-A8FA-7211911266BE}.Debug|x86.ActiveCfg = Debug|Any CPU
		{6738CABC-DD56-4E9C-A8FA-7211911266BE}.Debug|x86.Build.0 = Debug|Any CPU
		{6738CABC-DD56-4E9C-A8FA-7211911266BE}.Release|Any CPU.ActiveCfg = Release|Any CPU
		{6738CABC-DD56-4E9C-A8FA-7211911266BE}.Release|Any CPU.Build.0 = Release|Any CPU
		{6738CABC-DD56-4E9C-A8FA-7211911266BE}.Release|x64.ActiveCfg = Release|Any CPU
		{6738CABC-DD56-4E9C-A8FA-7211911266BE}.Release|x64.Build.0 = Release|Any CPU
		{6738CABC-DD56-4E9C-A8FA-7211911266BE}.Release|x86.ActiveCfg = Release|Any CPU
		{6738CABC-DD56-4E9C-A8FA-7211911266BE}.Release|x86.Build.0 = Release|Any CPU
		{5D7713C5-B62B-4B50-BC6B-636F81FA881A}.Debug|Any CPU.ActiveCfg = Debug|Any CPU
		{5D7713C5-B62B-4B50-BC6B-636F81FA881A}.Debug|Any CPU.Build.0 = Debug|Any CPU
		{5D7713C5-B62B-4B50-BC6B-636F81FA881A}.Debug|x64.ActiveCfg = Debug|x64
		{5D7713C5-B62B-4B50-BC6B-636F81FA881A}.Debug|x64.Build.0 = Debug|x64
		{5D7713C5-B62B-4B50-BC6B-636F81FA881A}.Debug|x86.ActiveCfg = Debug|x86
		{5D7713C5-B62B-4B50-BC6B-636F81FA881A}.Debug|x86.Build.0 = Debug|x86
		{5D7713C5-B62B-4B50-BC6B-636F81FA881A}.Release|Any CPU.ActiveCfg = Release|Any CPU
		{5D7713C5-B62B-4B50-BC6B-636F81FA881A}.Release|Any CPU.Build.0 = Release|Any CPU
		{5D7713C5-B62B-4B50-BC6B-636F81FA881A}.Release|x64.ActiveCfg = Release|x64
		{5D7713C5-B62B-4B50-BC6B-636F81FA881A}.Release|x64.Build.0 = Release|x64
		{5D7713C5-B62B-4B50-BC6B-636F81FA881A}.Release|x86.ActiveCfg = Release|x86
		{5D7713C5-B62B-4B50-BC6B-636F81FA881A}.Release|x86.Build.0 = Release|x86
	EndGlobalSection
	GlobalSection(SolutionProperties) = preSolution
		HideSolutionNode = FALSE
	EndGlobalSection
EndGlobal
